# THIS IS AN AUTOGENERATED FILE. DO NOT EDIT THIS FILE DIRECTLY.
# yarn lockfile v1


argparse@^2.0.1:
  version "2.0.1"
  resolved "https://registry.npmjs.org/argparse/-/argparse-2.0.1.tgz"
  integrity sha512-8+9WqebbFzpX9OR+Wa6O29asIogeRMzcGtAINdpMHHyAg10f05aSFVBbcEqGf/PXw1EjAZ+q2/bEBg3DvurK3Q==

crelt@^1.0.0:
  version "1.0.6"
  resolved "https://registry.npmjs.org/crelt/-/crelt-1.0.6.tgz"
  integrity sha512-VQ2MBenTq1fWZUH9DJNGti7kKv6EeAuYr3cLwxUWhIu1baTaXh4Ib5W2CqHVqib4/MqbYGJqiL3Zb8GJZr3l4g==

entities@^4.4.0:
  version "4.5.0"
  resolved "https://registry.npmjs.org/entities/-/entities-4.5.0.tgz"
  integrity sha512-V0hjH4dGPh9Ao5p0MoRY6BVqtwCjhz6vI5LT8AJ55H+4g9/4vbHx1I54fS0XuclLhDHArPQCiMjDxjaL8fPxhw==

govspeak-visual-editor@^3.0.0:
  version "3.0.0"
  resolved "https://registry.npmjs.org/govspeak-visual-editor/-/govspeak-visual-editor-3.0.0.tgz"
  integrity sha512-kssdjc5lr+Vs27tKHKR9MramlSTyBzNZcCeBb9kvXkt0vqNqmDfx6hWYfbvu3ieFLRmUEUbXYgTCpAGINCJGVA==
  dependencies:
    govuk-frontend "^4.8.0"
    prosemirror-example-setup "^1.2.2"
    prosemirror-keymap "^1.2.2"
    prosemirror-markdown "^1.13.0"
    prosemirror-model "^1.21.3"
    prosemirror-state "^1.4.3"
    prosemirror-transform "^1.8.0"
    prosemirror-view "^1.33.8"

govuk-frontend@^4.8.0:
  version "4.8.0"
  resolved "https://registry.npmjs.org/govuk-frontend/-/govuk-frontend-4.8.0.tgz"
  integrity sha512-NOmPJxL8IYq1HSNHYKx9XY2LLTxuwb+IFASiGQO4sgJ8K7AG66SlSeqARrcetevV8zOf+i1z+MbJJ2O7//OxAw==

linkify-it@^5.0.0:
  version "5.0.0"
  resolved "https://registry.npmjs.org/linkify-it/-/linkify-it-5.0.0.tgz"
  integrity sha512-5aHCbzQRADcdP+ATqnDuhhJ/MRIqDkZX5pyjFHRRysS8vZ5AbqGEoFIb6pYHPZ+L/OC2Lc+xT8uHVVR5CAK/wQ==
  dependencies:
    uc.micro "^2.0.0"

markdown-it@^14.0.0:
  version "14.1.0"
  resolved "https://registry.npmjs.org/markdown-it/-/markdown-it-14.1.0.tgz"
  integrity sha512-a54IwgWPaeBCAAsv13YgmALOF1elABB08FxO9i+r4VFk5Vl4pKokRPeX8u5TCgSsPi6ec1otfLjdOpVcgbpshg==
  dependencies:
    argparse "^2.0.1"
    entities "^4.4.0"
    linkify-it "^5.0.0"
    mdurl "^2.0.0"
    punycode.js "^2.3.1"
    uc.micro "^2.1.0"

mdurl@^2.0.0:
  version "2.0.0"
  resolved "https://registry.npmjs.org/mdurl/-/mdurl-2.0.0.tgz"
  integrity sha512-Lf+9+2r+Tdp5wXDXC4PcIBjTDtq4UKjCPMQhKIuzpJNW0b96kVqSwW0bT7FhRSfmAiFYgP+SCRvdrDozfh0U5w==

orderedmap@^2.0.0:
  version "2.1.1"
  resolved "https://registry.npmjs.org/orderedmap/-/orderedmap-2.1.1.tgz"
  integrity sha512-TvAWxi0nDe1j/rtMcWcIj94+Ffe6n7zhow33h40SKxmsmozs6dz/e+EajymfoFcHd7sxNn8yHM8839uixMOV6g==

prosemirror-commands@^1.0.0:
  version "1.6.0"
  resolved "https://registry.npmjs.org/prosemirror-commands/-/prosemirror-commands-1.6.0.tgz"
  integrity sha512-xn1U/g36OqXn2tn5nGmvnnimAj/g1pUx2ypJJIe8WkVX83WyJVC5LTARaxZa2AtQRwntu9Jc5zXs9gL9svp/mg==
  dependencies:
    prosemirror-model "^1.0.0"
    prosemirror-state "^1.0.0"
    prosemirror-transform "^1.0.0"

prosemirror-dropcursor@^1.0.0:
  version "1.8.1"
  resolved "https://registry.npmjs.org/prosemirror-dropcursor/-/prosemirror-dropcursor-1.8.1.tgz"
  integrity sha512-M30WJdJZLyXHi3N8vxN6Zh5O8ZBbQCz0gURTfPmTIBNQ5pxrdU7A58QkNqfa98YEjSAL1HUyyU34f6Pm5xBSGw==
  dependencies:
    prosemirror-state "^1.0.0"
    prosemirror-transform "^1.1.0"
    prosemirror-view "^1.1.0"

prosemirror-example-setup@^1.2.2:
  version "1.2.3"
  resolved "https://registry.npmjs.org/prosemirror-example-setup/-/prosemirror-example-setup-1.2.3.tgz"
  integrity sha512-+hXZi8+xbFvYM465zZH3rdZ9w7EguVKmUYwYLZjIJIjPK+I0nPTwn8j0ByW2avchVczRwZmOJGNvehblyIerSQ==
  dependencies:
    prosemirror-commands "^1.0.0"
    prosemirror-dropcursor "^1.0.0"
    prosemirror-gapcursor "^1.0.0"
    prosemirror-history "^1.0.0"
    prosemirror-inputrules "^1.0.0"
    prosemirror-keymap "^1.0.0"
    prosemirror-menu "^1.0.0"
    prosemirror-schema-list "^1.0.0"
    prosemirror-state "^1.0.0"

prosemirror-gapcursor@^1.0.0:
  version "1.3.2"
  resolved "https://registry.npmjs.org/prosemirror-gapcursor/-/prosemirror-gapcursor-1.3.2.tgz"
  integrity sha512-wtjswVBd2vaQRrnYZaBCbyDqr232Ed4p2QPtRIUK5FuqHYKGWkEwl08oQM4Tw7DOR0FsasARV5uJFvMZWxdNxQ==
  dependencies:
    prosemirror-keymap "^1.0.0"
    prosemirror-model "^1.0.0"
    prosemirror-state "^1.0.0"
    prosemirror-view "^1.0.0"

prosemirror-history@^1.0.0:
  version "1.4.1"
  resolved "https://registry.npmjs.org/prosemirror-history/-/prosemirror-history-1.4.1.tgz"
  integrity sha512-2JZD8z2JviJrboD9cPuX/Sv/1ChFng+xh2tChQ2X4bB2HeK+rra/bmJ3xGntCcjhOqIzSDG6Id7e8RJ9QPXLEQ==
  dependencies:
    prosemirror-state "^1.2.2"
    prosemirror-transform "^1.0.0"
    prosemirror-view "^1.31.0"
    rope-sequence "^1.3.0"

prosemirror-inputrules@^1.0.0:
  version "1.4.0"
  resolved "https://registry.npmjs.org/prosemirror-inputrules/-/prosemirror-inputrules-1.4.0.tgz"
  integrity sha512-6ygpPRuTJ2lcOXs9JkefieMst63wVJBgHZGl5QOytN7oSZs3Co/BYbc3Yx9zm9H37Bxw8kVzCnDsihsVsL4yEg==
  dependencies:
    prosemirror-state "^1.0.0"
    prosemirror-transform "^1.0.0"

prosemirror-keymap@^1.0.0, prosemirror-keymap@^1.2.2:
  version "1.2.2"
  resolved "https://registry.npmjs.org/prosemirror-keymap/-/prosemirror-keymap-1.2.2.tgz"
  integrity sha512-EAlXoksqC6Vbocqc0GtzCruZEzYgrn+iiGnNjsJsH4mrnIGex4qbLdWWNza3AW5W36ZRrlBID0eM6bdKH4OStQ==
  dependencies:
    prosemirror-state "^1.0.0"
    w3c-keyname "^2.2.0"

prosemirror-markdown@^1.13.0:
  version "1.13.0"
  resolved "https://registry.npmjs.org/prosemirror-markdown/-/prosemirror-markdown-1.13.0.tgz"
  integrity sha512-UziddX3ZYSYibgx8042hfGKmukq5Aljp2qoBiJRejD/8MH70siQNz5RB1TrdTPheqLMy4aCe4GYNF10/3lQS5g==
  dependencies:
    markdown-it "^14.0.0"
    prosemirror-model "^1.20.0"

prosemirror-menu@^1.0.0:
  version "1.2.4"
  resolved "https://registry.npmjs.org/prosemirror-menu/-/prosemirror-menu-1.2.4.tgz"
  integrity sha512-S/bXlc0ODQup6aiBbWVsX/eM+xJgCTAfMq/nLqaO5ID/am4wS0tTCIkzwytmao7ypEtjj39i7YbJjAgO20mIqA==
  dependencies:
    crelt "^1.0.0"
    prosemirror-commands "^1.0.0"
    prosemirror-history "^1.0.0"
    prosemirror-state "^1.0.0"

prosemirror-model@^1.0.0, prosemirror-model@^1.20.0, prosemirror-model@^1.21.0, prosemirror-model@^1.21.3:
  version "1.22.3"
  resolved "https://registry.npmjs.org/prosemirror-model/-/prosemirror-model-1.22.3.tgz"
  integrity sha512-V4XCysitErI+i0rKFILGt/xClnFJaohe/wrrlT2NSZ+zk8ggQfDH4x2wNK7Gm0Hp4CIoWizvXFP7L9KMaCuI0Q==
  dependencies:
    orderedmap "^2.0.0"

prosemirror-schema-list@^1.0.0:
  version "1.4.1"
  resolved "https://registry.npmjs.org/prosemirror-schema-list/-/prosemirror-schema-list-1.4.1.tgz"
  integrity sha512-jbDyaP/6AFfDfu70VzySsD75Om2t3sXTOdl5+31Wlxlg62td1haUpty/ybajSfJ1pkGadlOfwQq9kgW5IMo1Rg==
  dependencies:
    prosemirror-model "^1.0.0"
    prosemirror-state "^1.0.0"
    prosemirror-transform "^1.7.3"

prosemirror-state@^1.0.0, prosemirror-state@^1.2.2, prosemirror-state@^1.4.3:
  version "1.4.3"
  resolved "https://registry.npmjs.org/prosemirror-state/-/prosemirror-state-1.4.3.tgz"
  integrity sha512-goFKORVbvPuAQaXhpbemJFRKJ2aixr+AZMGiquiqKxaucC6hlpHNZHWgz5R7dS4roHiwq9vDctE//CZ++o0W1Q==
  dependencies:
    prosemirror-model "^1.0.0"
    prosemirror-transform "^1.0.0"
    prosemirror-view "^1.27.0"

prosemirror-transform@^1.0.0, prosemirror-transform@^1.1.0, prosemirror-transform@^1.7.3, prosemirror-transform@^1.8.0:
  version "1.10.0"
  resolved "https://registry.npmjs.org/prosemirror-transform/-/prosemirror-transform-1.10.0.tgz"
  integrity sha512-9UOgFSgN6Gj2ekQH5CTDJ8Rp/fnKR2IkYfGdzzp5zQMFsS4zDllLVx/+jGcX86YlACpG7UR5fwAXiWzxqWtBTg==
  dependencies:
    prosemirror-model "^1.21.0"

prosemirror-view@^1.0.0, prosemirror-view@^1.1.0, prosemirror-view@^1.27.0, prosemirror-view@^1.31.0, prosemirror-view@^1.33.8:
  version "1.34.3"
  resolved "https://registry.npmjs.org/prosemirror-view/-/prosemirror-view-1.34.3.tgz"
  integrity sha512-mKZ54PrX19sSaQye+sef+YjBbNu2voNwLS1ivb6aD2IRmxRGW64HU9B644+7OfJStGLyxvOreKqEgfvXa91WIA==
  dependencies:
    prosemirror-model "^1.20.0"
    prosemirror-state "^1.0.0"
    prosemirror-transform "^1.1.0"

punycode.js@^2.3.1:
  version "2.3.1"
  resolved "https://registry.npmjs.org/punycode.js/-/punycode.js-2.3.1.tgz"
  integrity sha512-uxFIHU0YlHYhDQtV4R9J6a52SLx28BCjT+4ieh7IGbgwVJWO+km431c4yRlREUAsAmt/uMjQUyQHNEPf0M39CA==

rope-sequence@^1.3.0:
  version "1.3.4"
  resolved "https://registry.npmjs.org/rope-sequence/-/rope-sequence-1.3.4.tgz"
  integrity sha512-UT5EDe2cu2E/6O4igUr5PSFs23nvvukicWHx6GnOPlHAiiYbzNuCRQCuiUdHJQcqKalLKlrYJnjY0ySGsXNQXQ==

uc.micro@^2.0.0, uc.micro@^2.1.0:
  version "2.1.0"
  resolved "https://registry.npmjs.org/uc.micro/-/uc.micro-2.1.0.tgz"
  integrity sha512-ARDJmphmdvUk6Glw7y9DQ2bFkKBHwQHLi2lsaH6PPmz/Ka9sFOBsBluozhDltWmnv9u/cF6Rt87znRTPV+yp/A==

w3c-keyname@^2.2.0:
  version "2.2.8"
  resolved "https://registry.npmjs.org/w3c-keyname/-/w3c-keyname-2.2.8.tgz"
  integrity sha512-dpojBhNsCNN7T82Tm7k26A6G9ML3NkhDsnw9n/eoxSRlVBB4CEtIQ/KTCLI2Fwf3ataSXRhYFkQi3SlnFwPvPQ==
