# This file is generated by running "yarn install" inside your project.
# Manual changes might be lost - proceed with caution!

__metadata:
  version: 10
  cacheKey: 10c0

"@types/linkify-it@npm:^5":
  version: 5.0.0
  resolution: "@types/linkify-it@npm:5.0.0"
  checksum: 10c0/7bbbf45b9dde17bf3f184fee585aef0e7342f6954f0377a24e4ff42ab5a85d5b806aaa5c8d16e2faf2a6b87b2d94467a196b7d2b85c9c7de2f0eaac5487aaab8
  languageName: node
  linkType: hard

"@types/markdown-it@npm:^14.0.0":
  version: 14.2.0
  resolution: "@types/markdown-it@npm:14.2.0"
  dependencies:
    "@types/linkify-it": "npm:^5"
    "@types/mdurl": "npm:^2"
  checksum: 10c0/60ff1a0495ef303310744566342c49b4b3e76fbdca82c5ec28d88731fc934b0c63335d25bca6133903c877f2c41c59cdfddefb3626c6ee0780b9573ddf6aefe4
  languageName: node
  linkType: hard

"@types/mdurl@npm:^2":
  version: 2.0.0
  resolution: "@types/mdurl@npm:2.0.0"
  checksum: 10c0/cde7bb571630ed1ceb3b92a28f7b59890bb38b8f34cd35326e2df43eebfc74985e6aa6fd4184e307393bad8a9e0783a519a3f9d13c8e03788c0f98e5ec869c5e
  languageName: node
  linkType: hard

"argparse@npm:^2.0.1":
  version: 2.0.1
  resolution: "argparse@npm:2.0.1"
  checksum: 10c0/c5640c2d89045371c7cedd6a70212a04e360fd34d6edeae32f6952c63949e3525ea77dbec0289d8213a99bbaeab5abfa860b5c12cf88a2e6cf8106e90dd27a7e
  languageName: node
  linkType: hard

"crelt@npm:^1.0.0":
  version: 1.0.7
  resolution: "crelt@npm:1.0.7"
  checksum: 10c0/5fdb5fcfa492a176c4cdaac611c131a183a91f2e6e3ea2ba2111b6891ca75bb7ba1ef81d67dab34387f5553c415d8a3d776690d3cf3ee68fca2dd3bfbed382e9
  languageName: node
  linkType: hard

"entities@npm:^4.5.0":
  version: 4.5.0
  resolution: "entities@npm:4.5.0"
  checksum: 10c0/5b039739f7621f5d1ad996715e53d964035f75ad3b9a4d38c6b3804bb226e282ffeae2443624d8fdd9c47d8e926ae9ac009c54671243f0c3294c26af7cc85250
  languageName: node
  linkType: hard

"govspeak-preview@workspace:.":
  version: 0.0.0-use.local
  resolution: "govspeak-preview@workspace:."
  dependencies:
    govspeak-visual-editor: "npm:^3.0.0"
  languageName: unknown
  linkType: soft

"govspeak-visual-editor@npm:^3.0.0":
  version: 3.0.0
  resolution: "govspeak-visual-editor@npm:3.0.0"
  dependencies:
    govuk-frontend: "npm:^4.8.0"
    prosemirror-example-setup: "npm:^1.2.2"
    prosemirror-keymap: "npm:^1.2.2"
    prosemirror-markdown: "npm:^1.13.0"
    prosemirror-model: "npm:^1.21.3"
    prosemirror-state: "npm:^1.4.3"
    prosemirror-transform: "npm:^1.8.0"
    prosemirror-view: "npm:^1.33.8"
  checksum: 10c0/881a8f5a6ba9a15134ccba943d4e46c9234a5891a22068a398b95c1538d72417dd2fcb53148bf5cace568b093b8169c9a44ab3a74c2bd70ab449f221a3c90def
  languageName: node
  linkType: hard

"govuk-frontend@npm:^4.8.0":
  version: 4.10.1
  resolution: "govuk-frontend@npm:4.10.1"
  checksum: 10c0/41925507adcdf8bdfddcd81f416ed4857708209ad5a4fb87bdf5ea2908b62eb380f40c22c4d37128e1b30718b7aeaa9460afc8c0978bb4faf1d0428ce165d961
  languageName: node
  linkType: hard

"linkify-it@npm:^5.0.2":
  version: 5.0.2
  resolution: "linkify-it@npm:5.0.2"
  dependencies:
    uc.micro: "npm:^2.0.0"
  checksum: 10c0/dd70b1735a13d41a2cff0a058ac3771166038f23f6aff004dd53873cf985c64b107902fe0b544a5b3d1ff6e63249cf9c648fb3ae9f285481db48f56887adb0d6
  languageName: node
  linkType: hard

"markdown-it@npm:^14.0.0":
  version: 14.3.0
  resolution: "markdown-it@npm:14.3.0"
  dependencies:
    argparse: "npm:^2.0.1"
    entities: "npm:^4.5.0"
    linkify-it: "npm:^5.0.2"
    mdurl: "npm:^2.0.0"
    punycode.js: "npm:^2.3.1"
    uc.micro: "npm:^2.1.0"
  bin:
    markdown-it: bin/markdown-it.mjs
  checksum: 10c0/b2dea908968109d6e9088ac972254bca842157d85d2e6838d0eb263cd8106e7e6a72663b138366cc98f57441d9f3f2ebfb842bf7b2f9e1c13187ebe70e0af8f9
  languageName: node
  linkType: hard

"mdurl@npm:^2.0.0":
  version: 2.1.0
  resolution: "mdurl@npm:2.1.0"
  checksum: 10c0/aed11a75b791d596c7104fa6a3d84680e87cd2bfdb32ecfe512e795481d40a64b21d627b325ffd58aadcd15faf7498ac06130b8f198ebec437aceeead24bd1b1
  languageName: node
  linkType: hard

"orderedmap@npm:^2.0.0":
  version: 2.1.1
  resolution: "orderedmap@npm:2.1.1"
  checksum: 10c0/8d7d266659d1828937046e8b2a7b5f75914e0391db985da0ca75cd2246cccbf6d6f3a0886aa2034da15ee4923e8c45f95f8b588f575f535f0adecdefccc54634
  languageName: node
  linkType: hard

"prosemirror-commands@npm:^1.0.0":
  version: 1.7.2
  resolution: "prosemirror-commands@npm:1.7.2"
  dependencies:
    prosemirror-model: "npm:^1.0.0"
    prosemirror-state: "npm:^1.0.0"
    prosemirror-transform: "npm:^1.10.2"
  checksum: 10c0/50f5b7ddcd9dc497a3d2e672da87fd457dae4ed4d5e2af326f71dad66dfa2b7937162d32e5e118703d2234e1cc2596b23fc5fd05a917e9f7d89d6602e0480051
  languageName: node
  linkType: hard

"prosemirror-dropcursor@npm:^1.0.0":
  version: 1.8.3
  resolution: "prosemirror-dropcursor@npm:1.8.3"
  dependencies:
    prosemirror-state: "npm:^1.0.0"
    prosemirror-transform: "npm:^1.1.0"
    prosemirror-view: "npm:^1.1.0"
  checksum: 10c0/123381f83a1843ee97d98143bde070cef727dbd20228f63bf7ebf30446d4352baf6982702de9907b27b7958a33d46c8c3d1a274331862c8d7a5912c838a6abce
  languageName: node
  linkType: hard

"prosemirror-example-setup@npm:^1.2.2":
  version: 1.2.3
  resolution: "prosemirror-example-setup@npm:1.2.3"
  dependencies:
    prosemirror-commands: "npm:^1.0.0"
    prosemirror-dropcursor: "npm:^1.0.0"
    prosemirror-gapcursor: "npm:^1.0.0"
    prosemirror-history: "npm:^1.0.0"
    prosemirror-inputrules: "npm:^1.0.0"
    prosemirror-keymap: "npm:^1.0.0"
    prosemirror-menu: "npm:^1.0.0"
    prosemirror-schema-list: "npm:^1.0.0"
    prosemirror-state: "npm:^1.0.0"
  checksum: 10c0/550b0aa54447b4d8578e1f53634ee2cda7affc46540f53775334601d939f6fd9160496b891250366e5d7657f8c98e24ed2a47864a056dbc5d18b05415ec2d5ec
  languageName: node
  linkType: hard

"prosemirror-gapcursor@npm:^1.0.0":
  version: 1.4.1
  resolution: "prosemirror-gapcursor@npm:1.4.1"
  dependencies:
    prosemirror-keymap: "npm:^1.0.0"
    prosemirror-model: "npm:^1.0.0"
    prosemirror-state: "npm:^1.0.0"
    prosemirror-view: "npm:^1.0.0"
  checksum: 10c0/1719ef91274d0f76f6c5e667d839aae0576e38b1fc08e178425fa076821ef3da88ebd0fe40049d7dd157aa224672270e569f032316de9de588a1baabcfe802f1
  languageName: node
  linkType: hard

"prosemirror-history@npm:^1.0.0":
  version: 1.5.0
  resolution: "prosemirror-history@npm:1.5.0"
  dependencies:
    prosemirror-state: "npm:^1.2.2"
    prosemirror-transform: "npm:^1.0.0"
    prosemirror-view: "npm:^1.31.0"
    rope-sequence: "npm:^1.3.0"
  checksum: 10c0/9f24c99316c30a52ff40ddd59fc83b5180f1326ee6f466bfa82b847a503b0cdff234c35d5e3decb39ae1382a189ceec7462333ed7d6c34e2c95921892bb98b78
  languageName: node
  linkType: hard

"prosemirror-inputrules@npm:^1.0.0":
  version: 1.5.1
  resolution: "prosemirror-inputrules@npm:1.5.1"
  dependencies:
    prosemirror-state: "npm:^1.0.0"
    prosemirror-transform: "npm:^1.0.0"
  checksum: 10c0/cff1ff9f7e726bf324e6cddd2c48984e6b2970cc98cd5dc59e6dbe2e9df0e01e4a2d100c77c721067804170b9607769c0fee7c98f2cfb4f3cff9af919fce31b9
  languageName: node
  linkType: hard

"prosemirror-keymap@npm:^1.0.0, prosemirror-keymap@npm:^1.2.2":
  version: 1.2.3
  resolution: "prosemirror-keymap@npm:1.2.3"
  dependencies:
    prosemirror-state: "npm:^1.0.0"
    w3c-keyname: "npm:^2.2.0"
  checksum: 10c0/0ec2f8bd9b608d0e6a0cdab1d66f9a6b41edcff0239b32ccca1018a0733e52448e4758218a2d472fb8c33c1609426dc6bad4944b28c1c3d509a83201a23035e9
  languageName: node
  linkType: hard

"prosemirror-markdown@npm:^1.13.0":
  version: 1.13.6
  resolution: "prosemirror-markdown@npm:1.13.6"
  dependencies:
    "@types/markdown-it": "npm:^14.0.0"
    markdown-it: "npm:^14.0.0"
    prosemirror-model: "npm:^1.25.0"
  checksum: 10c0/7accdbb0874672edf2b6e1e4720913f04a193474f72d0b6622cd2734bd30d14c4cc560ec468c1e23600656952ff50bc2b3e9fafcbee64847541c1ddd0e6b3c9a
  languageName: node
  linkType: hard

"prosemirror-menu@npm:^1.0.0":
  version: 1.3.2
  resolution: "prosemirror-menu@npm:1.3.2"
  dependencies:
    crelt: "npm:^1.0.0"
    prosemirror-commands: "npm:^1.0.0"
    prosemirror-history: "npm:^1.0.0"
    prosemirror-state: "npm:^1.0.0"
  checksum: 10c0/b634ce8c6e82bc6027ccbc3654722c4054132076a9d49e16a7df3b0e412bbf0dd5c93cb13e6f6ac5e5d7306ccb665792eb07eef7e652a46d8b920746237f4762
  languageName: node
  linkType: hard

"prosemirror-model@npm:^1.0.0, prosemirror-model@npm:^1.21.0, prosemirror-model@npm:^1.21.3, prosemirror-model@npm:^1.25.0, prosemirror-model@npm:^1.25.8":
  version: 1.25.11
  resolution: "prosemirror-model@npm:1.25.11"
  dependencies:
    orderedmap: "npm:^2.0.0"
  checksum: 10c0/e41faa477414160a602289b778189163b39a4563799defea1862183087f9ec77f02c292e3e79dd32fcc1a8878aedbdcea50f0f752ee03fe64c24ce6780b82205
  languageName: node
  linkType: hard

"prosemirror-schema-list@npm:^1.0.0":
  version: 1.5.1
  resolution: "prosemirror-schema-list@npm:1.5.1"
  dependencies:
    prosemirror-model: "npm:^1.0.0"
    prosemirror-state: "npm:^1.0.0"
    prosemirror-transform: "npm:^1.7.3"
  checksum: 10c0/e6fd27446bc90556a9797f6ca0cb54e7db53cc7c20fbf633b7d0f4709c45accfa2f3a0f6575fe47aa83cb75781a9b773198d236a44db9d8eef2802a1501e4301
  languageName: node
  linkType: hard

"prosemirror-state@npm:^1.0.0, prosemirror-state@npm:^1.2.2, prosemirror-state@npm:^1.4.3":
  version: 1.4.4
  resolution: "prosemirror-state@npm:1.4.4"
  dependencies:
    prosemirror-model: "npm:^1.0.0"
    prosemirror-transform: "npm:^1.0.0"
    prosemirror-view: "npm:^1.27.0"
  checksum: 10c0/1428636a37c127afe0d11a4f4eb44d75a7f16717940405082bd16fa4c28cfeef9375d49f48e411e5f0fa26f3e5798af7f270edc9bc9b0e647df8bb79983bcd59
  languageName: node
  linkType: hard

"prosemirror-transform@npm:^1.0.0, prosemirror-transform@npm:^1.1.0, prosemirror-transform@npm:^1.10.2, prosemirror-transform@npm:^1.7.3, prosemirror-transform@npm:^1.8.0":
  version: 1.12.0
  resolution: "prosemirror-transform@npm:1.12.0"
  dependencies:
    prosemirror-model: "npm:^1.21.0"
  checksum: 10c0/e9e94fbb36fa53badc73d27833bac834835246f28a6176fb33c65a85c9025da0c08ac503f860898591a14fcacef58ba18a29e8df5a916cf376084bc17f324753
  languageName: node
  linkType: hard

"prosemirror-view@npm:^1.0.0, prosemirror-view@npm:^1.1.0, prosemirror-view@npm:^1.27.0, prosemirror-view@npm:^1.31.0, prosemirror-view@npm:^1.33.8":
  version: 1.42.3
  resolution: "prosemirror-view@npm:1.42.3"
  dependencies:
    prosemirror-model: "npm:^1.25.8"
    prosemirror-state: "npm:^1.0.0"
    prosemirror-transform: "npm:^1.1.0"
  checksum: 10c0/42fb27a28378ff843468caa1b99ecf9a74b3b170b25b7009954bcaa11379f6aa10e885c44fa29fe8dd2d892904890ade47952e61acc1512bda4dc926eb2a1bd9
  languageName: node
  linkType: hard

"punycode.js@npm:^2.3.1":
  version: 2.3.1
  resolution: "punycode.js@npm:2.3.1"
  checksum: 10c0/1d12c1c0e06127fa5db56bd7fdf698daf9a78104456a6b67326877afc21feaa821257b171539caedd2f0524027fa38e67b13dd094159c8d70b6d26d2bea4dfdb
  languageName: node
  linkType: hard

"rope-sequence@npm:^1.3.0":
  version: 1.3.4
  resolution: "rope-sequence@npm:1.3.4"
  checksum: 10c0/caa90be3d7a7cad155fb354a4679a1280dc9819c81bd319542a0d893a64e152284abb9cc1631d4351b328016a8d6c35a48c912234edfaf5173daef44b2e3609b
  languageName: node
  linkType: hard

"uc.micro@npm:^2.0.0, uc.micro@npm:^2.1.0":
  version: 2.1.0
  resolution: "uc.micro@npm:2.1.0"
  checksum: 10c0/8862eddb412dda76f15db8ad1c640ccc2f47cdf8252a4a30be908d535602c8d33f9855dfcccb8b8837855c1ce1eaa563f7fa7ebe3c98fd0794351aab9b9c55fa
  languageName: node
  linkType: hard

"w3c-keyname@npm:^2.2.0":
  version: 2.2.8
  resolution: "w3c-keyname@npm:2.2.8"
  checksum: 10c0/37cf335c90efff31672ebb345577d681e2177f7ff9006a9ad47c68c5a9d265ba4a7b39d6c2599ceea639ca9315584ce4bd9c9fbf7a7217bfb7a599e71943c4c4
  languageName: node
  linkType: hard
