# This file is generated by running "yarn install" inside your project.
# Manual changes might be lost - proceed with caution!

__metadata:
  version: 8
  cacheKey: 10c0

"argparse@npm:^2.0.1":
  version: 2.0.1
  resolution: "argparse@npm:2.0.1"
  checksum: 10c0/c5640c2d89045371c7cedd6a70212a04e360fd34d6edeae32f6952c63949e3525ea77dbec0289d8213a99bbaeab5abfa860b5c12cf88a2e6cf8106e90dd27a7e
  languageName: node
  linkType: hard

"crelt@npm:^1.0.0":
  version: 1.0.6
  resolution: "crelt@npm:1.0.6"
  checksum: 10c0/e0fb76dff50c5eb47f2ea9b786c17f9425c66276025adee80876bdbf4a84ab72e899e56d3928431ab0cb057a105ef704df80fe5726ef0f7b1658f815521bdf09
  languageName: node
  linkType: hard

"entities@npm:^4.4.0":
  version: 4.5.0
  resolution: "entities@npm:4.5.0"
  checksum: 10c0/5b039739f7621f5d1ad996715e53d964035f75ad3b9a4d38c6b3804bb226e282ffeae2443624d8fdd9c47d8e926ae9ac009c54671243f0c3294c26af7cc85250
  languageName: node
  linkType: hard

"govspeak-preview@workspace:.":
  version: 0.0.0-use.local
  resolution: "govspeak-preview@workspace:."
  dependencies:
    govspeak-visual-editor: "npm:^3.0.0"
  languageName: unknown
  linkType: soft

"govspeak-visual-editor@npm:^3.0.0":
  version: 3.0.0
  resolution: "govspeak-visual-editor@npm:3.0.0"
  dependencies:
    govuk-frontend: "npm:^4.8.0"
    prosemirror-example-setup: "npm:^1.2.2"
    prosemirror-keymap: "npm:^1.2.2"
    prosemirror-markdown: "npm:^1.13.0"
    prosemirror-model: "npm:^1.21.3"
    prosemirror-state: "npm:^1.4.3"
    prosemirror-transform: "npm:^1.8.0"
    prosemirror-view: "npm:^1.33.8"
  checksum: 10c0/881a8f5a6ba9a15134ccba943d4e46c9234a5891a22068a398b95c1538d72417dd2fcb53148bf5cace568b093b8169c9a44ab3a74c2bd70ab449f221a3c90def
  languageName: node
  linkType: hard

"govuk-frontend@npm:^4.8.0":
  version: 4.8.0
  resolution: "govuk-frontend@npm:4.8.0"
  checksum: 10c0/8b705aeac7652ca76f834bff9bd3628f02f9143ead5cb0bf639d94b03c68b2188aa8a392d060628d8d02dc7d65e5550bc00c1c011710ba6eb16113714903a3ce
  languageName: node
  linkType: hard

"linkify-it@npm:^5.0.0":
  version: 5.0.0
  resolution: "linkify-it@npm:5.0.0"
  dependencies:
    uc.micro: "npm:^2.0.0"
  checksum: 10c0/ff4abbcdfa2003472fc3eb4b8e60905ec97718e11e33cca52059919a4c80cc0e0c2a14d23e23d8c00e5402bc5a885cdba8ca053a11483ab3cc8b3c7a52f88e2d
  languageName: node
  linkType: hard

"markdown-it@npm:^14.0.0":
  version: 14.1.0
  resolution: "markdown-it@npm:14.1.0"
  dependencies:
    argparse: "npm:^2.0.1"
    entities: "npm:^4.4.0"
    linkify-it: "npm:^5.0.0"
    mdurl: "npm:^2.0.0"
    punycode.js: "npm:^2.3.1"
    uc.micro: "npm:^2.1.0"
  bin:
    markdown-it: bin/markdown-it.mjs
  checksum: 10c0/9a6bb444181d2db7016a4173ae56a95a62c84d4cbfb6916a399b11d3e6581bf1cc2e4e1d07a2f022ae72c25f56db90fbe1e529fca16fbf9541659dc53480d4b4
  languageName: node
  linkType: hard

"mdurl@npm:^2.0.0":
  version: 2.0.0
  resolution: "mdurl@npm:2.0.0"
  checksum: 10c0/633db522272f75ce4788440669137c77540d74a83e9015666a9557a152c02e245b192edc20bc90ae953bbab727503994a53b236b4d9c99bdaee594d0e7dd2ce0
  languageName: node
  linkType: hard

"orderedmap@npm:^2.0.0":
  version: 2.1.1
  resolution: "orderedmap@npm:2.1.1"
  checksum: 10c0/8d7d266659d1828937046e8b2a7b5f75914e0391db985da0ca75cd2246cccbf6d6f3a0886aa2034da15ee4923e8c45f95f8b588f575f535f0adecdefccc54634
  languageName: node
  linkType: hard

"prosemirror-commands@npm:^1.0.0":
  version: 1.6.0
  resolution: "prosemirror-commands@npm:1.6.0"
  dependencies:
    prosemirror-model: "npm:^1.0.0"
    prosemirror-state: "npm:^1.0.0"
    prosemirror-transform: "npm:^1.0.0"
  checksum: 10c0/ba7317917159645980b7cafb04d24c4b3c6cc877b30929c776f51242289930333dc2351f5b55d9a81153331cdfa5c6fe13742b7925d7ec290addadab5ff4affc
  languageName: node
  linkType: hard

"prosemirror-dropcursor@npm:^1.0.0":
  version: 1.8.1
  resolution: "prosemirror-dropcursor@npm:1.8.1"
  dependencies:
    prosemirror-state: "npm:^1.0.0"
    prosemirror-transform: "npm:^1.1.0"
    prosemirror-view: "npm:^1.1.0"
  checksum: 10c0/2948cac48efb32757b212bd7cc5a50697ea6c3f6e4cd7752a2696c56b758fa0a16a5a6e288174a649544a0260a6b70d29e0fcb8839a05926c1c3a02f8de03aed
  languageName: node
  linkType: hard

"prosemirror-example-setup@npm:^1.2.2":
  version: 1.2.3
  resolution: "prosemirror-example-setup@npm:1.2.3"
  dependencies:
    prosemirror-commands: "npm:^1.0.0"
    prosemirror-dropcursor: "npm:^1.0.0"
    prosemirror-gapcursor: "npm:^1.0.0"
    prosemirror-history: "npm:^1.0.0"
    prosemirror-inputrules: "npm:^1.0.0"
    prosemirror-keymap: "npm:^1.0.0"
    prosemirror-menu: "npm:^1.0.0"
    prosemirror-schema-list: "npm:^1.0.0"
    prosemirror-state: "npm:^1.0.0"
  checksum: 10c0/550b0aa54447b4d8578e1f53634ee2cda7affc46540f53775334601d939f6fd9160496b891250366e5d7657f8c98e24ed2a47864a056dbc5d18b05415ec2d5ec
  languageName: node
  linkType: hard

"prosemirror-gapcursor@npm:^1.0.0":
  version: 1.3.2
  resolution: "prosemirror-gapcursor@npm:1.3.2"
  dependencies:
    prosemirror-keymap: "npm:^1.0.0"
    prosemirror-model: "npm:^1.0.0"
    prosemirror-state: "npm:^1.0.0"
    prosemirror-view: "npm:^1.0.0"
  checksum: 10c0/2e3f6f17ecd02392dd567019a5c69798cc7c2f09c950b59882ae37159f92e94a193440722715052ca92ea9914b85b8b0bcf693ea9daeb5271914b846acae1f91
  languageName: node
  linkType: hard

"prosemirror-history@npm:^1.0.0":
  version: 1.4.1
  resolution: "prosemirror-history@npm:1.4.1"
  dependencies:
    prosemirror-state: "npm:^1.2.2"
    prosemirror-transform: "npm:^1.0.0"
    prosemirror-view: "npm:^1.31.0"
    rope-sequence: "npm:^1.3.0"
  checksum: 10c0/fd2dfae5fb956a8710bb1a4131e9b6d8b92e846bf88fa643bc59ba595c8a835f6695574d5e33bcea9a6e7fbf2eafc7c1b1003abf11326e8571e196cd0f16dcd8
  languageName: node
  linkType: hard

"prosemirror-inputrules@npm:^1.0.0":
  version: 1.4.0
  resolution: "prosemirror-inputrules@npm:1.4.0"
  dependencies:
    prosemirror-state: "npm:^1.0.0"
    prosemirror-transform: "npm:^1.0.0"
  checksum: 10c0/8ec72b6c2982bbd9fd378e51d67c6424119d081a4dcdeff430ab58055596cf67b691a890f46f135746f4de9bc6a6afb6ef1c0596df13bd633997e32ba0a25ddf
  languageName: node
  linkType: hard

"prosemirror-keymap@npm:^1.0.0, prosemirror-keymap@npm:^1.2.2":
  version: 1.2.2
  resolution: "prosemirror-keymap@npm:1.2.2"
  dependencies:
    prosemirror-state: "npm:^1.0.0"
    w3c-keyname: "npm:^2.2.0"
  checksum: 10c0/7aa28c731e00962c90c91361a3c9f7000f960870a1300f7477da8afa8fd1b9cce0b3b7ca483aaa5832fd0bf88b5ff081defc184592997b08980b9ab67eeddcb7
  languageName: node
  linkType: hard

"prosemirror-markdown@npm:^1.13.0":
  version: 1.13.0
  resolution: "prosemirror-markdown@npm:1.13.0"
  dependencies:
    markdown-it: "npm:^14.0.0"
    prosemirror-model: "npm:^1.20.0"
  checksum: 10c0/3f4c7603da4795db8233a78ff2769f901d368fa82049fb651dc9e7db9ed7e057cdd704f248f37792b0b2814df6317714a960e4418ffcd1078c02f2cd08c8f906
  languageName: node
  linkType: hard

"prosemirror-menu@npm:^1.0.0":
  version: 1.2.4
  resolution: "prosemirror-menu@npm:1.2.4"
  dependencies:
    crelt: "npm:^1.0.0"
    prosemirror-commands: "npm:^1.0.0"
    prosemirror-history: "npm:^1.0.0"
    prosemirror-state: "npm:^1.0.0"
  checksum: 10c0/7c12e618f99c0ca4de5b117a40c6df4b321607e7b4395e181de8cfcd5cb803784363c1bb4ef8603f6e2f7f6fc7859cb165bd33d43d6c1b211b00d868144f8361
  languageName: node
  linkType: hard

"prosemirror-model@npm:^1.0.0, prosemirror-model@npm:^1.20.0, prosemirror-model@npm:^1.21.0, prosemirror-model@npm:^1.21.3":
  version: 1.22.3
  resolution: "prosemirror-model@npm:1.22.3"
  dependencies:
    orderedmap: "npm:^2.0.0"
  checksum: 10c0/c1405f9643a720fa65acb23f5f6c3980eb7df3ea6098828e3cfeab1b8d35e4952c96406dc25877f7ec02647970090ef96288776554b50be90ecac139a8ca268b
  languageName: node
  linkType: hard

"prosemirror-schema-list@npm:^1.0.0":
  version: 1.4.1
  resolution: "prosemirror-schema-list@npm:1.4.1"
  dependencies:
    prosemirror-model: "npm:^1.0.0"
    prosemirror-state: "npm:^1.0.0"
    prosemirror-transform: "npm:^1.7.3"
  checksum: 10c0/61c664bea2343b13db47d4f5d86dafb453f0102f7b85fa8ad0432e9c7ef5d14134ceb275ff3419cf2be85d4a7fb9e6974945f2b4b652d0cf3a3aca586f5e0838
  languageName: node
  linkType: hard

"prosemirror-state@npm:^1.0.0, prosemirror-state@npm:^1.2.2, prosemirror-state@npm:^1.4.3":
  version: 1.4.3
  resolution: "prosemirror-state@npm:1.4.3"
  dependencies:
    prosemirror-model: "npm:^1.0.0"
    prosemirror-transform: "npm:^1.0.0"
    prosemirror-view: "npm:^1.27.0"
  checksum: 10c0/e34dc9b1a6b23c23265569b2c246aaef4a61353a5fd33e933b62528917603382271d9f7d5212094e8928dee9bb4827e25a583104d43745e6ab3b8cbde12170f5
  languageName: node
  linkType: hard

"prosemirror-transform@npm:^1.0.0, prosemirror-transform@npm:^1.1.0, prosemirror-transform@npm:^1.7.3, prosemirror-transform@npm:^1.8.0":
  version: 1.10.0
  resolution: "prosemirror-transform@npm:1.10.0"
  dependencies:
    prosemirror-model: "npm:^1.21.0"
  checksum: 10c0/72c10b7689e0e7a575e2df66ee58980ae612f7bbad78b6781828276b5872763e05cb8fb1a92920f77e30ce5dd061d67c3de081dc4c060f23db5cbb2083100928
  languageName: node
  linkType: hard

"prosemirror-view@npm:^1.0.0, prosemirror-view@npm:^1.1.0, prosemirror-view@npm:^1.27.0, prosemirror-view@npm:^1.31.0, prosemirror-view@npm:^1.33.8":
  version: 1.34.3
  resolution: "prosemirror-view@npm:1.34.3"
  dependencies:
    prosemirror-model: "npm:^1.20.0"
    prosemirror-state: "npm:^1.0.0"
    prosemirror-transform: "npm:^1.1.0"
  checksum: 10c0/f08a9eeb6988e2180ec19989bb11c11db02c37952d1ab8b3ae8c7c1ebf9ce143725855bfa8cee59e4819aab3c9045ef5721cc90e69353f8fd81b7bb3a1c4ea03
  languageName: node
  linkType: hard

"punycode.js@npm:^2.3.1":
  version: 2.3.1
  resolution: "punycode.js@npm:2.3.1"
  checksum: 10c0/1d12c1c0e06127fa5db56bd7fdf698daf9a78104456a6b67326877afc21feaa821257b171539caedd2f0524027fa38e67b13dd094159c8d70b6d26d2bea4dfdb
  languageName: node
  linkType: hard

"rope-sequence@npm:^1.3.0":
  version: 1.3.4
  resolution: "rope-sequence@npm:1.3.4"
  checksum: 10c0/caa90be3d7a7cad155fb354a4679a1280dc9819c81bd319542a0d893a64e152284abb9cc1631d4351b328016a8d6c35a48c912234edfaf5173daef44b2e3609b
  languageName: node
  linkType: hard

"uc.micro@npm:^2.0.0, uc.micro@npm:^2.1.0":
  version: 2.1.0
  resolution: "uc.micro@npm:2.1.0"
  checksum: 10c0/8862eddb412dda76f15db8ad1c640ccc2f47cdf8252a4a30be908d535602c8d33f9855dfcccb8b8837855c1ce1eaa563f7fa7ebe3c98fd0794351aab9b9c55fa
  languageName: node
  linkType: hard

"w3c-keyname@npm:^2.2.0":
  version: 2.2.8
  resolution: "w3c-keyname@npm:2.2.8"
  checksum: 10c0/37cf335c90efff31672ebb345577d681e2177f7ff9006a9ad47c68c5a9d265ba4a7b39d6c2599ceea639ca9315584ce4bd9c9fbf7a7217bfb7a599e71943c4c4
  languageName: node
  linkType: hard
